[[package]]
name = "et-xmlfile"
version = "1.1.0"
requires_python = ">=3.6"
summary = "An implementation of lxml.xmlfile for the standard library"

[[package]]
name = "openpyxl"
version = "3.0.10"
requires_python = ">=3.6"
summary = "A Python library to read/write Excel 2010 xlsx/xlsm files"
dependencies = [
    "et-xmlfile",
]

[[package]]
name = "option"
version = "2.1.0"
requires_python = ">=3.7,<4"
summary = "Rust like Option and Result types in Python"

[metadata]
lock_version = "4.0"
content_hash = "sha256:db72e6ab1ab71283fab33417a6130d14836d29471429573a5235e968b451b2bd"

[metadata.files]
"et-xmlfile 1.1.0" = [
    {url = "https://files.pythonhosted.org/packages/3d/5d/0413a31d184a20c763ad741cc7852a659bf15094c24840c5bdd1754765cd/et_xmlfile-1.1.0.tar.gz", hash = "sha256:8eb9e2bc2f8c97e37a2dc85a09ecdcdec9d8a396530a6d5a33b30b9a92da0c5c"},
    {url = "https://files.pythonhosted.org/packages/96/c2/3dd434b0108730014f1b96fd286040dc3bcb70066346f7e01ec2ac95865f/et_xmlfile-1.1.0-py3-none-any.whl", hash = "sha256:a2ba85d1d6a74ef63837eed693bcb89c3f752169b0e3e7ae5b16ca5e1b3deada"},
]
"openpyxl 3.0.10" = [
    {url = "https://files.pythonhosted.org/packages/2c/b8/ff77a718173fd73e49f883b4fda88f11af1fc51edb9252af3785b0cad987/openpyxl-3.0.10.tar.gz", hash = "sha256:e47805627aebcf860edb4edf7987b1309c1b3632f3750538ed962bbcc3bd7449"},
    {url = "https://files.pythonhosted.org/packages/7b/60/9afac4fd6feee0ac09339de4101ee452ea643d26e9ce44c7708a0023f503/openpyxl-3.0.10-py2.py3-none-any.whl", hash = "sha256:0ab6d25d01799f97a9464630abacbb34aafecdcaa0ef3cba6d6b3499867d0355"},
]
"option 2.1.0" = [
    {url = "https://files.pythonhosted.org/packages/15/7a/3622379bd82f70a0b88779566c4847f167ae54103187922b69ad63d3c3b2/option-2.1.0.tar.gz", hash = "sha256:9fe95a231e54724d2382a5124b55cd84b82339edf1d4e88d6977cedffbfeadf1"},
    {url = "https://files.pythonhosted.org/packages/b0/e7/a4ece49ebcb33fc43577538f85406598ec93d5675dfb30331ec586351656/option-2.1.0-py3-none-any.whl", hash = "sha256:21ccd9a437dbee0341700367efb68e82065fd7a7dba09f8c3263cf2dc1a2b0e0"},
]
