[[package]]
name = "et-xmlfile"
version = "1.1.0"
requires_python = ">=3.6"
summary = "An implementation of lxml.xmlfile for the standard library"

[[package]]
name = "openpyxl"
version = "3.0.10"
requires_python = ">=3.6"
summary = "A Python library to read/write Excel 2010 xlsx/xlsm files"
dependencies = [
    "et-xmlfile",
]

[[package]]
name = "safetywrap"
version = "1.5.0"
requires_python = ">=3.6"
summary = "Rust-inspired typesafe result types"

[metadata]
lock_version = "4.0"
content_hash = "sha256:b58c61e6120af5bd535fa191b904b8ac8a0d229773f4970e5fe443a3f005fca3"

[metadata.files]
"et-xmlfile 1.1.0" = [
    {url = "https://files.pythonhosted.org/packages/3d/5d/0413a31d184a20c763ad741cc7852a659bf15094c24840c5bdd1754765cd/et_xmlfile-1.1.0.tar.gz", hash = "sha256:8eb9e2bc2f8c97e37a2dc85a09ecdcdec9d8a396530a6d5a33b30b9a92da0c5c"},
    {url = "https://files.pythonhosted.org/packages/96/c2/3dd434b0108730014f1b96fd286040dc3bcb70066346f7e01ec2ac95865f/et_xmlfile-1.1.0-py3-none-any.whl", hash = "sha256:a2ba85d1d6a74ef63837eed693bcb89c3f752169b0e3e7ae5b16ca5e1b3deada"},
]
"openpyxl 3.0.10" = [
    {url = "https://files.pythonhosted.org/packages/2c/b8/ff77a718173fd73e49f883b4fda88f11af1fc51edb9252af3785b0cad987/openpyxl-3.0.10.tar.gz", hash = "sha256:e47805627aebcf860edb4edf7987b1309c1b3632f3750538ed962bbcc3bd7449"},
    {url = "https://files.pythonhosted.org/packages/7b/60/9afac4fd6feee0ac09339de4101ee452ea643d26e9ce44c7708a0023f503/openpyxl-3.0.10-py2.py3-none-any.whl", hash = "sha256:0ab6d25d01799f97a9464630abacbb34aafecdcaa0ef3cba6d6b3499867d0355"},
]
"safetywrap 1.5.0" = [
    {url = "https://files.pythonhosted.org/packages/0e/27/a7c7902444fdc6781c38080f5e40ddff0d192acada78ed4bcdba3a7f4651/safetywrap-1.5.0.tar.gz", hash = "sha256:e331b86fb33201e072e2e01f851b1ca8ac7b3788588844a3e451b1aef164ecb8"},
    {url = "https://files.pythonhosted.org/packages/bb/bd/1b5f2adde565b73b4358d1bc39f302410ee0202cc0a9e6a78d3783e5a17c/safetywrap-1.5.0-py3-none-any.whl", hash = "sha256:90cd20e7fc90bb8e1cdbb147969bb3623e3e1febd206da3e5a157f298960b574"},
]
